
Microsoft Visual Studio Solution File, Format Version 12.00
# Visual Studio Version 16
VisualStudioVersion = 16.0.29613.14
MinimumVisualStudioVersion = 10.0.40219.1
Project("{FAE04EC0-301F-11D3-BF4B-00C04F79EFBC}") = "Verivox", "Verivox\Verivox.csproj", "{B056B52E-DA50-4A42-8D8E-D863D4E41703}"
EndProject
Global
	GlobalSection(SolutionConfigurationPlatforms) = preSolution
		Debug|Any CPU = Debug|Any CPU
		Release|Any CPU = Release|Any CPU
	EndGlobalSection
	GlobalSection(ProjectConfigurationPlatforms) = postSolution
		{B056B52E-DA50-4A42-8D8E-D863D4E41703}.Debug|Any CPU.ActiveCfg = Debug|Any CPU
		{B056B52E-DA50-4A42-8D8E-D863D4E41703}.Debug|Any CPU.Build.0 = Debug|Any CPU
		{B056B52E-DA50-4A42-8D8E-D863D4E41703}.Release|Any CPU.ActiveCfg = Release|Any CPU
		{B056B52E-DA50-4A42-8D8E-D863D4E41703}.Release|Any CPU.Build.0 = Release|Any CPU
	EndGlobalSection
	GlobalSection(SolutionProperties) = preSolution
		HideSolutionNode = FALSE
	EndGlobalSection
	GlobalSection(ExtensibilityGlobals) = postSolution
		SolutionGuid = {E37C9B0E-D130-4D09-AD07-301C4E7C8BAF}
	EndGlobalSection
EndGlobal
